
Microsoft Visual Studio Solution File, Format Version 12.00
# Visual Studio Version 16
VisualStudioVersion = 16.0.28922.388
MinimumVisualStudioVersion = 10.0.40219.1
Project("{9A19103F-16F7-4668-BE54-9A1E7A4F7556}") = "KL.AzureBlobSync", "KL.AzureBlobSync\KL.AzureBlobSync.csproj", "{074D0291-E311-4724-B4F7-C34AD8EB246C}"
EndProject
Global
	GlobalSection(SolutionConfigurationPlatforms) = preSolution
		Debug|Any CPU = Debug|Any CPU
		Release|Any CPU = Release|Any CPU
	EndGlobalSection
	GlobalSection(ProjectConfigurationPlatforms) = postSolution
		{074D0291-E311-4724-B4F7-C34AD8EB246C}.Debug|Any CPU.ActiveCfg = Debug|Any CPU
		{074D0291-E311-4724-B4F7-C34AD8EB246C}.Debug|Any CPU.Build.0 = Debug|Any CPU
		{074D0291-E311-4724-B4F7-C34AD8EB246C}.Release|Any CPU.ActiveCfg = Release|Any CPU
		{074D0291-E311-4724-B4F7-C34AD8EB246C}.Release|Any CPU.Build.0 = Release|Any CPU
	EndGlobalSection
	GlobalSection(SolutionProperties) = preSolution
		HideSolutionNode = FALSE
	EndGlobalSection
	GlobalSection(ExtensibilityGlobals) = postSolution
		SolutionGuid = {DCB06C41-EC39-41CC-A686-A4F6979D0BB5}
	EndGlobalSection
EndGlobal
